// !$*UTF8*$!
{
	archiveVersion = 1;
	classes = {
	};
	objectVersion = 51;
	objects = {

/* Begin PBXBuildFile section */
		479B7FC225FF7284005AA267 /* AppDelegate.swift in Sources */ = {isa = PBXBuildFile; fileRef = 479B7FC125FF7284005AA267 /* AppDelegate.swift */; };
		479B7FC425FF7284005AA267 /* SceneDelegate.swift in Sources */ = {isa = PBXBuildFile; fileRef = 479B7FC325FF7284005AA267 /* SceneDelegate.swift */; };
		479B7FC625FF7284005AA267 /* LoginViewController.swift in Sources */ = {isa = PBXBuildFile; fileRef = 479B7FC525FF7284005AA267 /* LoginViewController.swift */; };
		479B7FCB25FF7286005AA267 /* Assets.xcassets in Resources */ = {isa = PBXBuildFile; fileRef = 479B7FCA25FF7286005AA267 /* Assets.xcassets */; };
		479B7FCE25FF7286005AA267 /* LaunchScreen.storyboard in Resources */ = {isa = PBXBuildFile; fileRef = 479B7FCC25FF7286005AA267 /* LaunchScreen.storyboard */; };
		479CBE502640CCF300F15E02 /* DevIntroduceCollectionViewCell.swift in Sources */ = {isa = PBXBuildFile; fileRef = 479CBE4F2640CCF300F15E02 /* DevIntroduceCollectionViewCell.swift */; };
		47BE05142640C355005A8055 /* DevIntroduceViewController.swift in Sources */ = {isa = PBXBuildFile; fileRef = 47BE05132640C355005A8055 /* DevIntroduceViewController.swift */; };
		47C3E5CE2631012200222A19 /* MainViewController.swift in Sources */ = {isa = PBXBuildFile; fileRef = 47C3E5CD2631012200222A19 /* MainViewController.swift */; };
		47C3E5FA2636A85B00222A19 /* HomeCCViewController.swift in Sources */ = {isa = PBXBuildFile; fileRef = 47C3E5F92636A85B00222A19 /* HomeCCViewController.swift */; };
		47C3E5FD2636AADD00222A19 /* WebKit.framework in Frameworks */ = {isa = PBXBuildFile; fileRef = 47C3E5FC2636AADD00222A19 /* WebKit.framework */; };
		47C3E60026378A2200222A19 /* AutoFeedViewController.swift in Sources */ = {isa = PBXBuildFile; fileRef = 47C3E5FF26378A2200222A19 /* AutoFeedViewController.swift */; };
		47DCDE63261AB05800802F93 /* Maplestory OTF Bold.otf in Resources */ = {isa = PBXBuildFile; fileRef = 47DCDE61261AB05800802F93 /* Maplestory OTF Bold.otf */; };
		47DCDE64261AB05800802F93 /* Maplestory OTF Light.otf in Resources */ = {isa = PBXBuildFile; fileRef = 47DCDE62261AB05800802F93 /* Maplestory OTF Light.otf */; };
		47EC5C9B263F8D3100B3F985 /* SettingViewController.swift in Sources */ = {isa = PBXBuildFile; fileRef = 47EC5C9A263F8D3100B3F985 /* SettingViewController.swift */; };
		9AE4EE204FC01F94079673E4 /* Pods_Dolbomi.framework in Frameworks */ = {isa = PBXBuildFile; fileRef = 3A700DBDBE6E0A218B1E871D /* Pods_Dolbomi.framework */; };
/* End PBXBuildFile section */

/* Begin PBXFileReference section */
		3A700DBDBE6E0A218B1E871D /* Pods_Dolbomi.framework */ = {isa = PBXFileReference; explicitFileType = wrapper.framework; includeInIndex = 0; path = Pods_Dolbomi.framework; sourceTree = BUILT_PRODUCTS_DIR; };
		479B7FBE25FF7284005AA267 /* Dolbomi.app */ = {isa = PBXFileReference; explicitFileType = wrapper.application; includeInIndex = 0; path = Dolbomi.app; sourceTree = BUILT_PRODUCTS_DIR; };
		479B7FC125FF7284005AA267 /* AppDelegate.swift */ = {isa = PBXFileReference; lastKnownFileType = sourcecode.swift; path = AppDelegate.swift; sourceTree = "<group>"; };
		479B7FC325FF7284005AA267 /* SceneDelegate.swift */ = {isa = PBXFileReference; lastKnownFileType = sourcecode.swift; path = SceneDelegate.swift; sourceTree = "<group>"; };
		479B7FC525FF7284005AA267 /* LoginViewController.swift */ = {isa = PBXFileReference; lastKnownFileType = sourcecode.swift; path = LoginViewController.swift; sourceTree = "<group>"; };
		479B7FCA25FF7286005AA267 /* Assets.xcassets */ = {isa = PBXFileReference; lastKnownFileType = folder.assetcatalog; path = Assets.xcassets; sourceTree = "<group>"; };
		479B7FCD25FF7286005AA267 /* Base */ = {isa = PBXFileReference; lastKnownFileType = file.storyboard; name = Base; path = Base.lproj/LaunchScreen.storyboard; sourceTree = "<group>"; };
		479B7FCF25FF7286005AA267 /* Info.plist */ = {isa = PBXFileReference; lastKnownFileType = text.plist.xml; path = Info.plist; sourceTree = "<group>"; };
		479CBE4F2640CCF300F15E02 /* DevIntroduceCollectionViewCell.swift */ = {isa = PBXFileReference; lastKnownFileType = sourcecode.swift; path = DevIntroduceCollectionViewCell.swift; sourceTree = "<group>"; };
		47BE05132640C355005A8055 /* DevIntroduceViewController.swift */ = {isa = PBXFileReference; lastKnownFileType = sourcecode.swift; path = DevIntroduceViewController.swift; sourceTree = "<group>"; };
		47C3E5CD2631012200222A19 /* MainViewController.swift */ = {isa = PBXFileReference; lastKnownFileType = sourcecode.swift; path = MainViewController.swift; sourceTree = "<group>"; };
		47C3E5F92636A85B00222A19 /* HomeCCViewController.swift */ = {isa = PBXFileReference; lastKnownFileType = sourcecode.swift; path = HomeCCViewController.swift; sourceTree = "<group>"; };
		47C3E5FC2636AADD00222A19 /* WebKit.framework */ = {isa = PBXFileReference; lastKnownFileType = wrapper.framework; name = WebKit.framework; path = System/Library/Frameworks/WebKit.framework; sourceTree = SDKROOT; };
		47C3E5FF26378A2200222A19 /* AutoFeedViewController.swift */ = {isa = PBXFileReference; lastKnownFileType = sourcecode.swift; path = AutoFeedViewController.swift; sourceTree = "<group>"; };
		47DCDE61261AB05800802F93 /* Maplestory OTF Bold.otf */ = {isa = PBXFileReference; lastKnownFileType = file; path = "Maplestory OTF Bold.otf"; sourceTree = "<group>"; };
		47DCDE62261AB05800802F93 /* Maplestory OTF Light.otf */ = {isa = PBXFileReference; lastKnownFileType = file; path = "Maplestory OTF Light.otf"; sourceTree = "<group>"; };
		47EC5C9A263F8D3100B3F985 /* SettingViewController.swift */ = {isa = PBXFileReference; lastKnownFileType = sourcecode.swift; path = SettingViewController.swift; sourceTree = "<group>"; };
		6CE2E09965340D5A0322C0A0 /* Pods-Dolbomi.debug.xcconfig */ = {isa = PBXFileReference; includeInIndex = 1; lastKnownFileType = text.xcconfig; name = "Pods-Dolbomi.debug.xcconfig"; path = "Target Support Files/Pods-Dolbomi/Pods-Dolbomi.debug.xcconfig"; sourceTree = "<group>"; };
		E976A9E2EB2032FED49C7ED2 /* Pods-Dolbomi.release.xcconfig */ = {isa = PBXFileReference; includeInIndex = 1; lastKnownFileType = text.xcconfig; name = "Pods-Dolbomi.release.xcconfig"; path = "Target Support Files/Pods-Dolbomi/Pods-Dolbomi.release.xcconfig"; sourceTree = "<group>"; };
/* End PBXFileReference section */

/* Begin PBXFrameworksBuildPhase section */
		479B7FBB25FF7284005AA267 /* Frameworks */ = {
			isa = PBXFrameworksBuildPhase;
			buildActionMask = 2147483647;
			files = (
				47C3E5FD2636AADD00222A19 /* WebKit.framework in Frameworks */,
				9AE4EE204FC01F94079673E4 /* Pods_Dolbomi.framework in Frameworks */,
			);
			runOnlyForDeploymentPostprocessing = 0;
		};
/* End PBXFrameworksBuildPhase section */

/* Begin PBXGroup section */
		479B7FB525FF7284005AA267 = {
			isa = PBXGroup;
			children = (
				479B7FC025FF7284005AA267 /* Dolbomi */,
				479B7FBF25FF7284005AA267 /* Products */,
				9DD387A68029934DA6855D8F /* Pods */,
				DFB563536B63E5CEF67DA84E /* Frameworks */,
			);
			sourceTree = "<group>";
		};
		479B7FBF25FF7284005AA267 /* Products */ = {
			isa = PBXGroup;
			children = (
				479B7FBE25FF7284005AA267 /* Dolbomi.app */,
			);
			name = Products;
			sourceTree = "<group>";
		};
		479B7FC025FF7284005AA267 /* Dolbomi */ = {
			isa = PBXGroup;
			children = (
				47DCDE60261AAF6500802F93 /* Model */,
				47DCDE5F261AAF5F00802F93 /* ViewModel */,
				47DCDE5E261AAF5A00802F93 /* ViewController */,
				47DCDE5D261AAF5400802F93 /* Font */,
				47DCDE5C261AAF4D00802F93 /* Base */,
				479B7FCF25FF7286005AA267 /* Info.plist */,
			);
			path = Dolbomi;
			sourceTree = "<group>";
		};
		479CBE522640CCFA00F15E02 /* Cell */ = {
			isa = PBXGroup;
			children = (
				479CBE4F2640CCF300F15E02 /* DevIntroduceCollectionViewCell.swift */,
			);
			path = Cell;
			sourceTree = "<group>";
		};
		47DCDE5C261AAF4D00802F93 /* Base */ = {
			isa = PBXGroup;
			children = (
				479B7FC125FF7284005AA267 /* AppDelegate.swift */,
				479B7FC325FF7284005AA267 /* SceneDelegate.swift */,
				479B7FCC25FF7286005AA267 /* LaunchScreen.storyboard */,
				479B7FCA25FF7286005AA267 /* Assets.xcassets */,
			);
			path = Base;
			sourceTree = "<group>";
		};
		47DCDE5D261AAF5400802F93 /* Font */ = {
			isa = PBXGroup;
			children = (
				47DCDE61261AB05800802F93 /* Maplestory OTF Bold.otf */,
				47DCDE62261AB05800802F93 /* Maplestory OTF Light.otf */,
			);
			path = Font;
			sourceTree = "<group>";
		};
		47DCDE5E261AAF5A00802F93 /* ViewController */ = {
			isa = PBXGroup;
			children = (
				479B7FC525FF7284005AA267 /* LoginViewController.swift */,
				47C3E5CD2631012200222A19 /* MainViewController.swift */,
				47C3E5F92636A85B00222A19 /* HomeCCViewController.swift */,
				47C3E5FF26378A2200222A19 /* AutoFeedViewController.swift */,
				47EC5C9A263F8D3100B3F985 /* SettingViewController.swift */,
				47BE05132640C355005A8055 /* DevIntroduceViewController.swift */,
				479CBE522640CCFA00F15E02 /* Cell */,
			);
			path = ViewController;
			sourceTree = "<group>";
		};
		47DCDE5F261AAF5F00802F93 /* ViewModel */ = {
			isa = PBXGroup;
			children = (
			);
			path = ViewModel;
			sourceTree = "<group>";
		};
		47DCDE60261AAF6500802F93 /* Model */ = {
			isa = PBXGroup;
			children = (
			);
			path = Model;
			sourceTree = "<group>";
		};
		9DD387A68029934DA6855D8F /* Pods */ = {
			isa = PBXGroup;
			children = (
				6CE2E09965340D5A0322C0A0 /* Pods-Dolbomi.debug.xcconfig */,
				E976A9E2EB2032FED49C7ED2 /* Pods-Dolbomi.release.xcconfig */,
			);
			path = Pods;
			sourceTree = "<group>";
		};
		DFB563536B63E5CEF67DA84E /* Frameworks */ = {
			isa = PBXGroup;
			children = (
				47C3E5FC2636AADD00222A19 /* WebKit.framework */,
				3A700DBDBE6E0A218B1E871D /* Pods_Dolbomi.framework */,
			);
			name = Frameworks;
			sourceTree = "<group>";
		};
/* End PBXGroup section */

/* Begin PBXNativeTarget section */
		479B7FBD25FF7284005AA267 /* Dolbomi */ = {
			isa = PBXNativeTarget;
			buildConfigurationList = 479B7FD225FF7286005AA267 /* Build configuration list for PBXNativeTarget "Dolbomi" */;
			buildPhases = (
				D082DEE6FFD404483A6EF3A2 /* [CP] Check Pods Manifest.lock */,
				479B7FBA25FF7284005AA267 /* Sources */,
				479B7FBB25FF7284005AA267 /* Frameworks */,
				479B7FBC25FF7284005AA267 /* Resources */,
				C59606A86C734CC204EA6CA9 /* [CP] Embed Pods Frameworks */,
			);
			buildRules = (
			);
			dependencies = (
			);
			name = Dolbomi;
			productName = Dolbomi;
			productReference = 479B7FBE25FF7284005AA267 /* Dolbomi.app */;
			productType = "com.apple.product-type.application";
		};
/* End PBXNativeTarget section */

/* Begin PBXProject section */
		479B7FB625FF7284005AA267 /* Project object */ = {
			isa = PBXProject;
			attributes = {
				LastSwiftUpdateCheck = 1240;
				LastUpgradeCheck = 1240;
				TargetAttributes = {
					479B7FBD25FF7284005AA267 = {
						CreatedOnToolsVersion = 12.4;
					};
				};
			};
			buildConfigurationList = 479B7FB925FF7284005AA267 /* Build configuration list for PBXProject "Dolbomi" */;
			compatibilityVersion = "Xcode 9.3";
			developmentRegion = en;
			hasScannedForEncodings = 0;
			knownRegions = (
				en,
				Base,
			);
			mainGroup = 479B7FB525FF7284005AA267;
			productRefGroup = 479B7FBF25FF7284005AA267 /* Products */;
			projectDirPath = "";
			projectRoot = "";
			targets = (
				479B7FBD25FF7284005AA267 /* Dolbomi */,
			);
		};
/* End PBXProject section */

/* Begin PBXResourcesBuildPhase section */
		479B7FBC25FF7284005AA267 /* Resources */ = {
			isa = PBXResourcesBuildPhase;
			buildActionMask = 2147483647;
			files = (
				47DCDE64261AB05800802F93 /* Maplestory OTF Light.otf in Resources */,
				47DCDE63261AB05800802F93 /* Maplestory OTF Bold.otf in Resources */,
				479B7FCE25FF7286005AA267 /* LaunchScreen.storyboard in Resources */,
				479B7FCB25FF7286005AA267 /* Assets.xcassets in Resources */,
			);
			runOnlyForDeploymentPostprocessing = 0;
		};
/* End PBXResourcesBuildPhase section */

/* Begin PBXShellScriptBuildPhase section */
		C59606A86C734CC204EA6CA9 /* [CP] Embed Pods Frameworks */ = {
			isa = PBXShellScriptBuildPhase;
			buildActionMask = 2147483647;
			files = (
			);
			inputFileListPaths = (
				"${PODS_ROOT}/Target Support Files/Pods-Dolbomi/Pods-Dolbomi-frameworks-${CONFIGURATION}-input-files.xcfilelist",
			);
			name = "[CP] Embed Pods Frameworks";
			outputFileListPaths = (
				"${PODS_ROOT}/Target Support Files/Pods-Dolbomi/Pods-Dolbomi-frameworks-${CONFIGURATION}-output-files.xcfilelist",
			);
			runOnlyForDeploymentPostprocessing = 0;
			shellPath = /bin/sh;
			shellScript = "\"${PODS_ROOT}/Target Support Files/Pods-Dolbomi/Pods-Dolbomi-frameworks.sh\"\n";
			showEnvVarsInLog = 0;
		};
		D082DEE6FFD404483A6EF3A2 /* [CP] Check Pods Manifest.lock */ = {
			isa = PBXShellScriptBuildPhase;
			buildActionMask = 2147483647;
			files = (
			);
			inputFileListPaths = (
			);
			inputPaths = (
				"${PODS_PODFILE_DIR_PATH}/Podfile.lock",
				"${PODS_ROOT}/Manifest.lock",
			);
			name = "[CP] Check Pods Manifest.lock";
			outputFileListPaths = (
			);
			outputPaths = (
				"$(DERIVED_FILE_DIR)/Pods-Dolbomi-checkManifestLockResult.txt",
			);
			runOnlyForDeploymentPostprocessing = 0;
			shellPath = /bin/sh;
			shellScript = "diff \"${PODS_PODFILE_DIR_PATH}/Podfile.lock\" \"${PODS_ROOT}/Manifest.lock\" > /dev/null\nif [ $? != 0 ] ; then\n    # print error to STDERR\n    echo \"error: The sandbox is not in sync with the Podfile.lock. Run 'pod install' or update your CocoaPods installation.\" >&2\n    exit 1\nfi\n# This output is used by Xcode 'outputs' to avoid re-running this script phase.\necho \"SUCCESS\" > \"${SCRIPT_OUTPUT_FILE_0}\"\n";
			showEnvVarsInLog = 0;
		};
/* End PBXShellScriptBuildPhase section */

/* Begin PBXSourcesBuildPhase section */
		479B7FBA25FF7284005AA267 /* Sources */ = {
			isa = PBXSourcesBuildPhase;
			buildActionMask = 2147483647;
			files = (
				479B7FC625FF7284005AA267 /* LoginViewController.swift in Sources */,
				47C3E60026378A2200222A19 /* AutoFeedViewController.swift in Sources */,
				479B7FC225FF7284005AA267 /* AppDelegate.swift in Sources */,
				479CBE502640CCF300F15E02 /* DevIntroduceCollectionViewCell.swift in Sources */,
				479B7FC425FF7284005AA267 /* SceneDelegate.swift in Sources */,
				47BE05142640C355005A8055 /* DevIntroduceViewController.swift in Sources */,
				47C3E5CE2631012200222A19 /* MainViewController.swift in Sources */,
				47EC5C9B263F8D3100B3F985 /* SettingViewController.swift in Sources */,
				47C3E5FA2636A85B00222A19 /* HomeCCViewController.swift in Sources */,
			);
			runOnlyForDeploymentPostprocessing = 0;
		};
/* End PBXSourcesBuildPhase section */

/* Begin PBXVariantGroup section */
		479B7FCC25FF7286005AA267 /* LaunchScreen.storyboard */ = {
			isa = PBXVariantGroup;
			children = (
				479B7FCD25FF7286005AA267 /* Base */,
			);
			name = LaunchScreen.storyboard;
			sourceTree = "<group>";
		};
/* End PBXVariantGroup section */

/* Begin XCBuildConfiguration section */
		479B7FD025FF7286005AA267 /* Debug */ = {
			isa = XCBuildConfiguration;
			buildSettings = {
				ALWAYS_SEARCH_USER_PATHS = NO;
				CLANG_ANALYZER_NONNULL = YES;
				CLANG_ANALYZER_NUMBER_OBJECT_CONVERSION = YES_AGGRESSIVE;
				CLANG_CXX_LANGUAGE_STANDARD = "gnu++14";
				CLANG_CXX_LIBRARY = "libc++";
				CLANG_ENABLE_MODULES = YES;
				CLANG_ENABLE_OBJC_ARC = YES;
				CLANG_ENABLE_OBJC_WEAK = YES;
				CLANG_WARN_BLOCK_CAPTURE_AUTORELEASING = YES;
				CLANG_WARN_BOOL_CONVERSION = YES;
				CLANG_WARN_COMMA = YES;
				CLANG_WARN_CONSTANT_CONVERSION = YES;
				CLANG_WARN_DEPRECATED_OBJC_IMPLEMENTATIONS = YES;
				CLANG_WARN_DIRECT_OBJC_ISA_USAGE = YES_ERROR;
				CLANG_WARN_DOCUMENTATION_COMMENTS = YES;
				CLANG_WARN_EMPTY_BODY = YES;
				CLANG_WARN_ENUM_CONVERSION = YES;
				CLANG_WARN_INFINITE_RECURSION = YES;
				CLANG_WARN_INT_CONVERSION = YES;
				CLANG_WARN_NON_LITERAL_NULL_CONVERSION = YES;
				CLANG_WARN_OBJC_IMPLICIT_RETAIN_SELF = YES;
				CLANG_WARN_OBJC_LITERAL_CONVERSION = YES;
				CLANG_WARN_OBJC_ROOT_CLASS = YES_ERROR;
				CLANG_WARN_QUOTED_INCLUDE_IN_FRAMEWORK_HEADER = YES;
				CLANG_WARN_RANGE_LOOP_ANALYSIS = YES;
				CLANG_WARN_STRICT_PROTOTYPES = YES;
				CLANG_WARN_SUSPICIOUS_MOVE = YES;
				CLANG_WARN_UNGUARDED_AVAILABILITY = YES_AGGRESSIVE;
				CLANG_WARN_UNREACHABLE_CODE = YES;
				CLANG_WARN__DUPLICATE_METHOD_MATCH = YES;
				COPY_PHASE_STRIP = NO;
				DEBUG_INFORMATION_FORMAT = dwarf;
				ENABLE_STRICT_OBJC_MSGSEND = YES;
				ENABLE_TESTABILITY = YES;
				GCC_C_LANGUAGE_STANDARD = gnu11;
				GCC_DYNAMIC_NO_PIC = NO;
				GCC_NO_COMMON_BLOCKS = YES;
				GCC_OPTIMIZATION_LEVEL = 0;
				GCC_PREPROCESSOR_DEFINITIONS = (
					"DEBUG=1",
					"$(inherited)",
				);
				GCC_WARN_64_TO_32_BIT_CONVERSION = YES;
				GCC_WARN_ABOUT_RETURN_TYPE = YES_ERROR;
				GCC_WARN_UNDECLARED_SELECTOR = YES;
				GCC_WARN_UNINITIALIZED_AUTOS = YES_AGGRESSIVE;
				GCC_WARN_UNUSED_FUNCTION = YES;
				GCC_WARN_UNUSED_VARIABLE = YES;
				IPHONEOS_DEPLOYMENT_TARGET = 14.4;
				MTL_ENABLE_DEBUG_INFO = INCLUDE_SOURCE;
				MTL_FAST_MATH = YES;
				ONLY_ACTIVE_ARCH = YES;
				SDKROOT = iphoneos;
				SWIFT_ACTIVE_COMPILATION_CONDITIONS = DEBUG;
				SWIFT_OPTIMIZATION_LEVEL = "-Onone";
			};
			name = Debug;
		};
		479B7FD125FF7286005AA267 /* Release */ = {
			isa = XCBuildConfiguration;
			buildSettings = {
				ALWAYS_SEARCH_USER_PATHS = NO;
				CLANG_ANALYZER_NONNULL = YES;
				CLANG_ANALYZER_NUMBER_OBJECT_CONVERSION = YES_AGGRESSIVE;
				CLANG_CXX_LANGUAGE_STANDARD = "gnu++14";
				CLANG_CXX_LIBRARY = "libc++";
				CLANG_ENABLE_MODULES = YES;
				CLANG_ENABLE_OBJC_ARC = YES;
				CLANG_ENABLE_OBJC_WEAK = YES;
				CLANG_WARN_BLOCK_CAPTURE_AUTORELEASING = YES;
				CLANG_WARN_BOOL_CONVERSION = YES;
				CLANG_WARN_COMMA = YES;
				CLANG_WARN_CONSTANT_CONVERSION = YES;
				CLANG_WARN_DEPRECATED_OBJC_IMPLEMENTATIONS = YES;
				CLANG_WARN_DIRECT_OBJC_ISA_USAGE = YES_ERROR;
				CLANG_WARN_DOCUMENTATION_COMMENTS = YES;
				CLANG_WARN_EMPTY_BODY = YES;
				CLANG_WARN_ENUM_CONVERSION = YES;
				CLANG_WARN_INFINITE_RECURSION = YES;
				CLANG_WARN_INT_CONVERSION = YES;
				CLANG_WARN_NON_LITERAL_NULL_CONVERSION = YES;
				CLANG_WARN_OBJC_IMPLICIT_RETAIN_SELF = YES;
				CLANG_WARN_OBJC_LITERAL_CONVERSION = YES;
				CLANG_WARN_OBJC_ROOT_CLASS = YES_ERROR;
				CLANG_WARN_QUOTED_INCLUDE_IN_FRAMEWORK_HEADER = YES;
				CLANG_WARN_RANGE_LOOP_ANALYSIS = YES;
				CLANG_WARN_STRICT_PROTOTYPES = YES;
				CLANG_WARN_SUSPICIOUS_MOVE = YES;
				CLANG_WARN_UNGUARDED_AVAILABILITY = YES_AGGRESSIVE;
				CLANG_WARN_UNREACHABLE_CODE = YES;
				CLANG_WARN__DUPLICATE_METHOD_MATCH = YES;
				COPY_PHASE_STRIP = NO;
				DEBUG_INFORMATION_FORMAT = "dwarf-with-dsym";
				ENABLE_NS_ASSERTIONS = NO;
				ENABLE_STRICT_OBJC_MSGSEND = YES;
				GCC_C_LANGUAGE_STANDARD = gnu11;
				GCC_NO_COMMON_BLOCKS = YES;
				GCC_WARN_64_TO_32_BIT_CONVERSION = YES;
				GCC_WARN_ABOUT_RETURN_TYPE = YES_ERROR;
				GCC_WARN_UNDECLARED_SELECTOR = YES;
				GCC_WARN_UNINITIALIZED_AUTOS = YES_AGGRESSIVE;
				GCC_WARN_UNUSED_FUNCTION = YES;
				GCC_WARN_UNUSED_VARIABLE = YES;
				IPHONEOS_DEPLOYMENT_TARGET = 14.4;
				MTL_ENABLE_DEBUG_INFO = NO;
				MTL_FAST_MATH = YES;
				SDKROOT = iphoneos;
				SWIFT_COMPILATION_MODE = wholemodule;
				SWIFT_OPTIMIZATION_LEVEL = "-O";
				VALIDATE_PRODUCT = YES;
			};
			name = Release;
		};
		479B7FD325FF7286005AA267 /* Debug */ = {
			isa = XCBuildConfiguration;
			baseConfigurationReference = 6CE2E09965340D5A0322C0A0 /* Pods-Dolbomi.debug.xcconfig */;
			buildSettings = {
				ASSETCATALOG_COMPILER_APPICON_NAME = AppIcon;
				ASSETCATALOG_COMPILER_GLOBAL_ACCENT_COLOR_NAME = AccentColor;
				CODE_SIGN_STYLE = Automatic;
				DEVELOPMENT_TEAM = Z25H7B85Z8;
				INFOPLIST_FILE = Dolbomi/Info.plist;
				LD_RUNPATH_SEARCH_PATHS = (
					"$(inherited)",
					"@executable_path/Frameworks",
				);
				PRODUCT_BUNDLE_IDENTIFIER = DohyunKim.Dolbomi;
				PRODUCT_NAME = "$(TARGET_NAME)";
				SWIFT_VERSION = 5.0;
				TARGETED_DEVICE_FAMILY = 1;
			};
			name = Debug;
		};
		479B7FD425FF7286005AA267 /* Release */ = {
			isa = XCBuildConfiguration;
			baseConfigurationReference = E976A9E2EB2032FED49C7ED2 /* Pods-Dolbomi.release.xcconfig */;
			buildSettings = {
				ASSETCATALOG_COMPILER_APPICON_NAME = AppIcon;
				ASSETCATALOG_COMPILER_GLOBAL_ACCENT_COLOR_NAME = AccentColor;
				CODE_SIGN_STYLE = Automatic;
				DEVELOPMENT_TEAM = Z25H7B85Z8;
				INFOPLIST_FILE = Dolbomi/Info.plist;
				LD_RUNPATH_SEARCH_PATHS = (
					"$(inherited)",
					"@executable_path/Frameworks",
				);
				PRODUCT_BUNDLE_IDENTIFIER = DohyunKim.Dolbomi;
				PRODUCT_NAME = "$(TARGET_NAME)";
				SWIFT_VERSION = 5.0;
				TARGETED_DEVICE_FAMILY = 1;
			};
			name = Release;
		};
/* End XCBuildConfiguration section */

/* Begin XCConfigurationList section */
		479B7FB925FF7284005AA267 /* Build configuration list for PBXProject "Dolbomi" */ = {
			isa = XCConfigurationList;
			buildConfigurations = (
				479B7FD025FF7286005AA267 /* Debug */,
				479B7FD125FF7286005AA267 /* Release */,
			);
			defaultConfigurationIsVisible = 0;
			defaultConfigurationName = Release;
		};
		479B7FD225FF7286005AA267 /* Build configuration list for PBXNativeTarget "Dolbomi" */ = {
			isa = XCConfigurationList;
			buildConfigurations = (
				479B7FD325FF7286005AA267 /* Debug */,
				479B7FD425FF7286005AA267 /* Release */,
			);
			defaultConfigurationIsVisible = 0;
			defaultConfigurationName = Release;
		};
/* End XCConfigurationList section */
	};
	rootObject = 479B7FB625FF7284005AA267 /* Project object */;
}
